
Microsoft Visual Studio Solution File, Format Version 12.00
# Visual Studio Version 17
VisualStudioVersion = 17.8.34330.188
MinimumVisualStudioVersion = 10.0.40219.1
Project("{FAE04EC0-301F-11D3-BF4B-00C04F79EFBC}") = "trackingapi", "trackingapi\trackingapi.csproj", "{655A598E-4A2F-4585-AA0B-39E73033B301}"
EndProject
Global
	GlobalSection(SolutionConfigurationPlatforms) = preSolution
		Debug|Any CPU = Debug|Any CPU
		Release|Any CPU = Release|Any CPU
	EndGlobalSection
	GlobalSection(ProjectConfigurationPlatforms) = postSolution
		{655A598E-4A2F-4585-AA0B-39E73033B301}.Debug|Any CPU.ActiveCfg = Debug|Any CPU
		{655A598E-4A2F-4585-AA0B-39E73033B301}.Debug|Any CPU.Build.0 = Debug|Any CPU
		{655A598E-4A2F-4585-AA0B-39E73033B301}.Release|Any CPU.ActiveCfg = Release|Any CPU
		{655A598E-4A2F-4585-AA0B-39E73033B301}.Release|Any CPU.Build.0 = Release|Any CPU
	EndGlobalSection
	GlobalSection(SolutionProperties) = preSolution
		HideSolutionNode = FALSE
	EndGlobalSection
	GlobalSection(ExtensibilityGlobals) = postSolution
		SolutionGuid = {522FB5A1-9F53-4A6F-9762-A83E6E62C1E7}
	EndGlobalSection
EndGlobal
